// !$*UTF8*$!
{
	archiveVersion = 1;
	classes = {
	};
	objectVersion = 77;
	objects = {

/* Begin PBXBuildFile section */
		BE7E570000000000000000AD /* HarnessCore in Frameworks */ = {isa = PBXBuildFile; productRef = BE7E570000000000000000AC /* HarnessCore */; };
		BE922E2A305C0F5300FFD487 /* ClaudeHarness in Frameworks */ = {isa = PBXBuildFile; productRef = BE922E29305C0F5300FFD487 /* ClaudeHarness */; };
		BE922E2C305C0F5300FFD487 /* HarnessCore in Frameworks */ = {isa = PBXBuildFile; productRef = BE922E2B305C0F5300FFD487 /* HarnessCore */; };
		BE922E2E305C0F5300FFD487 /* OpenCodeHarness in Frameworks */ = {isa = PBXBuildFile; productRef = BE922E2D305C0F5300FFD487 /* OpenCodeHarness */; };
		BE57D0000000000000000001 /* DenStore in Frameworks */ = {isa = PBXBuildFile; productRef = BE57D0000000000000000002 /* DenStore */; };
		BE57D0000000000000000003 /* DenStore in Frameworks */ = {isa = PBXBuildFile; productRef = BE57D0000000000000000004 /* DenStore */; };
/* End PBXBuildFile section */

/* Begin PBXContainerItemProxy section */
		BE7E570000000000000000A7 /* PBXContainerItemProxy */ = {
			isa = PBXContainerItemProxy;
			containerPortal = BE5BD8CD305B606D00035C7F /* Project object */;
			proxyType = 1;
			remoteGlobalIDString = BE5BD8D4305B606D00035C7F;
			remoteInfo = Den;
		};
		BE7E570000000000000000B7 /* PBXContainerItemProxy */ = {
			isa = PBXContainerItemProxy;
			containerPortal = BE5BD8CD305B606D00035C7F /* Project object */;
			proxyType = 1;
			remoteGlobalIDString = BE5BD8D4305B606D00035C7F;
			remoteInfo = Den;
		};
/* End PBXContainerItemProxy section */

/* Begin PBXFileReference section */
		BE5BD8D5305B606D00035C7F /* Den.app */ = {isa = PBXFileReference; explicitFileType = wrapper.application; includeInIndex = 0; path = Den.app; sourceTree = BUILT_PRODUCTS_DIR; };
		BE7E570000000000000000A1 /* DenTests.xctest */ = {isa = PBXFileReference; explicitFileType = wrapper.cfbundle; includeInIndex = 0; path = DenTests.xctest; sourceTree = BUILT_PRODUCTS_DIR; };
		BE7E570000000000000000B1 /* DenUITests.xctest */ = {isa = PBXFileReference; explicitFileType = wrapper.cfbundle; includeInIndex = 0; path = DenUITests.xctest; sourceTree = BUILT_PRODUCTS_DIR; };
/* End PBXFileReference section */

/* Begin PBXFileSystemSynchronizedRootGroup section */
		BE5BD8D7305B606D00035C7F /* Den */ = {
			isa = PBXFileSystemSynchronizedRootGroup;
			path = Den;
			sourceTree = "<group>";
		};
		BE7E570000000000000000A2 /* DenTests */ = {
			isa = PBXFileSystemSynchronizedRootGroup;
			path = DenTests;
			sourceTree = "<group>";
		};
		BE7E570000000000000000B0 /* DenTestSupport */ = {
			isa = PBXFileSystemSynchronizedRootGroup;
			path = DenTestSupport;
			sourceTree = "<group>";
		};
		BE7E570000000000000000B2 /* DenUITests */ = {
			isa = PBXFileSystemSynchronizedRootGroup;
			path = DenUITests;
			sourceTree = "<group>";
		};
		BE7E570000000000000000C0 /* fake-cli */ = {
			isa = PBXFileSystemSynchronizedRootGroup;
			name = "fake-cli";
			path = "Scripts/fake-cli";
			sourceTree = "<group>";
		};
		BE7E570000000000000000C1 /* ClaudeHarnessFixtures */ = {
			isa = PBXFileSystemSynchronizedRootGroup;
			name = ClaudeHarnessFixtures;
			path = Packages/HarnessKit/Tests/ClaudeHarnessTests/Fixtures;
			sourceTree = "<group>";
		};
		BE7E570000000000000000C2 /* OpenCodeHarnessFixtures */ = {
			isa = PBXFileSystemSynchronizedRootGroup;
			name = OpenCodeHarnessFixtures;
			path = Packages/HarnessKit/Tests/OpenCodeHarnessTests/Fixtures;
			sourceTree = "<group>";
		};
/* End PBXFileSystemSynchronizedRootGroup section */

/* Begin PBXFrameworksBuildPhase section */
		BE5BD8D2305B606D00035C7F /* Frameworks */ = {
			isa = PBXFrameworksBuildPhase;
			files = (
				BE922E2C305C0F5300FFD487 /* HarnessCore in Frameworks */,
				BE922E2A305C0F5300FFD487 /* ClaudeHarness in Frameworks */,
				BE922E2E305C0F5300FFD487 /* OpenCodeHarness in Frameworks */,
				BE57D0000000000000000001 /* DenStore in Frameworks */,
			);
		};
		BE7E570000000000000000A5 /* Frameworks */ = {
			isa = PBXFrameworksBuildPhase;
			files = (
				BE7E570000000000000000AD /* HarnessCore in Frameworks */,
				BE57D0000000000000000003 /* DenStore in Frameworks */,
			);
		};
		BE7E570000000000000000B5 /* Frameworks */ = {
			isa = PBXFrameworksBuildPhase;
			files = (
			);
		};
/* End PBXFrameworksBuildPhase section */

/* Begin PBXGroup section */
		BE5BD8CC305B606D00035C7F = {
			isa = PBXGroup;
			children = (
				BE5BD8D7305B606D00035C7F /* Den */,
				BE7E570000000000000000A2 /* DenTests */,
				BE7E570000000000000000B0 /* DenTestSupport */,
				BE7E570000000000000000B2 /* DenUITests */,
				BE7E570000000000000000C0 /* fake-cli */,
				BE7E570000000000000000C1 /* ClaudeHarnessFixtures */,
				BE7E570000000000000000C2 /* OpenCodeHarnessFixtures */,
				BE5BD8D6305B606D00035C7F /* Products */,
			);
			sourceTree = "<group>";
		};
		BE5BD8D6305B606D00035C7F /* Products */ = {
			isa = PBXGroup;
			children = (
				BE5BD8D5305B606D00035C7F /* Den.app */,
				BE7E570000000000000000A1 /* DenTests.xctest */,
				BE7E570000000000000000B1 /* DenUITests.xctest */,
			);
			name = Products;
			sourceTree = "<group>";
		};
/* End PBXGroup section */

/* Begin PBXNativeTarget section */
		BE5BD8D4305B606D00035C7F /* Den */ = {
			isa = PBXNativeTarget;
			buildConfigurationList = BE5BD8E0305B606E00035C7F /* Build configuration list for PBXNativeTarget "Den" */;
			buildPhases = (
				BE5BD8D1305B606D00035C7F /* Sources */,
				BE5BD8D2305B606D00035C7F /* Frameworks */,
				BE5BD8D3305B606D00035C7F /* Resources */,
			);
			buildRules = (
			);
			fileSystemSynchronizedGroups = (
				BE5BD8D7305B606D00035C7F /* Den */,
			);
			name = Den;
			packageProductDependencies = (
				BE922E29305C0F5300FFD487 /* ClaudeHarness */,
				BE922E2B305C0F5300FFD487 /* HarnessCore */,
				BE922E2D305C0F5300FFD487 /* OpenCodeHarness */,
				BE57D0000000000000000002 /* DenStore */,
			);
			productName = Den;
			productReference = BE5BD8D5305B606D00035C7F /* Den.app */;
			productType = "com.apple.product-type.application";
		};
		BE7E570000000000000000A3 /* DenTests */ = {
			isa = PBXNativeTarget;
			buildConfigurationList = BE7E570000000000000000AB /* Build configuration list for PBXNativeTarget "DenTests" */;
			buildPhases = (
				BE7E570000000000000000A4 /* Sources */,
				BE7E570000000000000000A5 /* Frameworks */,
				BE7E570000000000000000A6 /* Resources */,
			);
			buildRules = (
			);
			dependencies = (
				BE7E570000000000000000A8 /* PBXTargetDependency */,
			);
			fileSystemSynchronizedGroups = (
				BE7E570000000000000000A2 /* DenTests */,
				BE7E570000000000000000B0 /* DenTestSupport */,
				BE7E570000000000000000C0 /* fake-cli */,
				BE7E570000000000000000C1 /* ClaudeHarnessFixtures */,
				BE7E570000000000000000C2 /* OpenCodeHarnessFixtures */,
			);
			name = DenTests;
			packageProductDependencies = (
				BE7E570000000000000000AC /* HarnessCore */,
				BE57D0000000000000000004 /* DenStore */,
			);
			productName = DenTests;
			productReference = BE7E570000000000000000A1 /* DenTests.xctest */;
			productType = "com.apple.product-type.bundle.unit-test";
		};
		BE7E570000000000000000B3 /* DenUITests */ = {
			isa = PBXNativeTarget;
			buildConfigurationList = BE7E570000000000000000BB /* Build configuration list for PBXNativeTarget "DenUITests" */;
			buildPhases = (
				BE7E570000000000000000B4 /* Sources */,
				BE7E570000000000000000B5 /* Frameworks */,
				BE7E570000000000000000B6 /* Resources */,
			);
			buildRules = (
			);
			dependencies = (
				BE7E570000000000000000B8 /* PBXTargetDependency */,
			);
			fileSystemSynchronizedGroups = (
				BE7E570000000000000000B2 /* DenUITests */,
				BE7E570000000000000000B0 /* DenTestSupport */,
				BE7E570000000000000000C0 /* fake-cli */,
				BE7E570000000000000000C1 /* ClaudeHarnessFixtures */,
				BE7E570000000000000000C2 /* OpenCodeHarnessFixtures */,
			);
			name = DenUITests;
			productName = DenUITests;
			productReference = BE7E570000000000000000B1 /* DenUITests.xctest */;
			productType = "com.apple.product-type.bundle.ui-testing";
		};
/* End PBXNativeTarget section */

/* Begin PBXProject section */
		BE5BD8CD305B606D00035C7F /* Project object */ = {
			isa = PBXProject;
			attributes = {
				BuildIndependentTargetsInParallel = 1;
				LastSwiftUpdateCheck = 2700;
				LastUpgradeCheck = 2700;
				TargetAttributes = {
					BE5BD8D4305B606D00035C7F = {
						CreatedOnToolsVersion = 27.0;
					};
					BE7E570000000000000000A3 = {
						CreatedOnToolsVersion = 27.0;
						TestTargetID = BE5BD8D4305B606D00035C7F;
					};
					BE7E570000000000000000B3 = {
						CreatedOnToolsVersion = 27.0;
						TestTargetID = BE5BD8D4305B606D00035C7F;
					};
				};
			};
			buildConfigurationList = BE5BD8D0305B606D00035C7F /* Build configuration list for PBXProject "Den" */;
			developmentRegion = en;
			hasScannedForEncodings = 0;
			knownRegions = (
				en,
				Base,
			);
			mainGroup = BE5BD8CC305B606D00035C7F;
			minimizedProjectReferenceProxies = 1;
			packageReferences = (
				BE922E28305C0F5300FFD487 /* XCLocalSwiftPackageReference "Packages/HarnessKit" */,
			);
			preferredProjectObjectVersion = 77;
			productRefGroup = BE5BD8D6305B606D00035C7F /* Products */;
			projectDirPath = "";
			projectRoot = "";
			targets = (
				BE5BD8D4305B606D00035C7F /* Den */,
				BE7E570000000000000000A3 /* DenTests */,
				BE7E570000000000000000B3 /* DenUITests */,
			);
		};
/* End PBXProject section */

/* Begin PBXResourcesBuildPhase section */
		BE5BD8D3305B606D00035C7F /* Resources */ = {
			isa = PBXResourcesBuildPhase;
			files = (
			);
		};
		BE7E570000000000000000A6 /* Resources */ = {
			isa = PBXResourcesBuildPhase;
			files = (
			);
		};
		BE7E570000000000000000B6 /* Resources */ = {
			isa = PBXResourcesBuildPhase;
			files = (
			);
		};
/* End PBXResourcesBuildPhase section */

/* Begin PBXSourcesBuildPhase section */
		BE5BD8D1305B606D00035C7F /* Sources */ = {
			isa = PBXSourcesBuildPhase;
			files = (
			);
		};
		BE7E570000000000000000A4 /* Sources */ = {
			isa = PBXSourcesBuildPhase;
			files = (
			);
		};
		BE7E570000000000000000B4 /* Sources */ = {
			isa = PBXSourcesBuildPhase;
			files = (
			);
		};
/* End PBXSourcesBuildPhase section */

/* Begin PBXTargetDependency section */
		BE7E570000000000000000A8 /* PBXTargetDependency */ = {
			isa = PBXTargetDependency;
			target = BE5BD8D4305B606D00035C7F /* Den */;
			targetProxy = BE7E570000000000000000A7 /* PBXContainerItemProxy */;
		};
		BE7E570000000000000000B8 /* PBXTargetDependency */ = {
			isa = PBXTargetDependency;
			target = BE5BD8D4305B606D00035C7F /* Den */;
			targetProxy = BE7E570000000000000000B7 /* PBXContainerItemProxy */;
		};
/* End PBXTargetDependency section */

/* Begin XCBuildConfiguration section */
		BE5BD8DE305B606E00035C7F /* Debug configuration for PBXProject "Den" */ = {
			isa = XCBuildConfiguration;
			buildSettings = {
				ALWAYS_SEARCH_USER_PATHS = NO;
				ASSETCATALOG_COMPILER_GENERATE_SWIFT_ASSET_SYMBOL_EXTENSIONS = YES;
				CLANG_ANALYZER_NONNULL = YES;
				CLANG_ANALYZER_NUMBER_OBJECT_CONVERSION = YES_AGGRESSIVE;
				CLANG_CXX_LANGUAGE_STANDARD = "gnu++20";
				CLANG_ENABLE_MODULES = YES;
				CLANG_ENABLE_OBJC_ARC = YES;
				CLANG_ENABLE_OBJC_WEAK = YES;
				CLANG_WARN_BLOCK_CAPTURE_AUTORELEASING = YES;
				CLANG_WARN_BOOL_CONVERSION = YES;
				CLANG_WARN_COMMA = YES;
				CLANG_WARN_CONSTANT_CONVERSION = YES;
				CLANG_WARN_DEPRECATED_OBJC_IMPLEMENTATIONS = YES;
				CLANG_WARN_DIRECT_OBJC_ISA_USAGE = YES_ERROR;
				CLANG_WARN_DOCUMENTATION_COMMENTS = YES;
				CLANG_WARN_EMPTY_BODY = YES;
				CLANG_WARN_ENUM_CONVERSION = YES;
				CLANG_WARN_INFINITE_RECURSION = YES;
				CLANG_WARN_INT_CONVERSION = YES;
				CLANG_WARN_NON_LITERAL_NULL_CONVERSION = YES;
				CLANG_WARN_OBJC_IMPLICIT_RETAIN_SELF = YES;
				CLANG_WARN_OBJC_LITERAL_CONVERSION = YES;
				CLANG_WARN_OBJC_ROOT_CLASS = YES_ERROR;
				CLANG_WARN_QUOTED_INCLUDE_IN_FRAMEWORK_HEADER = YES;
				CLANG_WARN_RANGE_LOOP_ANALYSIS = YES;
				CLANG_WARN_STRICT_PROTOTYPES = YES;
				CLANG_WARN_SUSPICIOUS_MOVE = YES;
				CLANG_WARN_UNGUARDED_AVAILABILITY = YES_AGGRESSIVE;
				CLANG_WARN_UNREACHABLE_CODE = YES;
				CLANG_WARN__DUPLICATE_METHOD_MATCH = YES;
				COPY_PHASE_STRIP = NO;
				DEBUG_INFORMATION_FORMAT = dwarf;
				DEVELOPMENT_TEAM = 2834RTT75D;
				ENABLE_STRICT_OBJC_MSGSEND = YES;
				ENABLE_TESTABILITY = YES;
				ENABLE_USER_SCRIPT_SANDBOXING = YES;
				GCC_C_LANGUAGE_STANDARD = gnu17;
				GCC_DYNAMIC_NO_PIC = NO;
				GCC_NO_COMMON_BLOCKS = YES;
				GCC_OPTIMIZATION_LEVEL = 0;
				GCC_PREPROCESSOR_DEFINITIONS = (
					"DEBUG=1",
					"$(inherited)",
				);
				GCC_WARN_64_TO_32_BIT_CONVERSION = YES;
				GCC_WARN_ABOUT_RETURN_TYPE = YES_ERROR;
				GCC_WARN_UNDECLARED_SELECTOR = YES;
				GCC_WARN_UNINITIALIZED_AUTOS = YES_AGGRESSIVE;
				GCC_WARN_UNUSED_FUNCTION = YES;
				GCC_WARN_UNUSED_VARIABLE = YES;
				LOCALIZATION_PREFERS_STRING_CATALOGS = YES;
				MACOSX_DEPLOYMENT_TARGET = 26.6;
				MTL_ENABLE_DEBUG_INFO = INCLUDE_SOURCE;
				MTL_FAST_MATH = YES;
				ONLY_ACTIVE_ARCH = YES;
				SDKROOT = macosx;
				SWIFT_ACTIVE_COMPILATION_CONDITIONS = "DEBUG $(inherited)";
				SWIFT_OPTIMIZATION_LEVEL = "-Onone";
			};
			name = Debug;
		};
		BE5BD8DF305B606E00035C7F /* Release configuration for PBXProject "Den" */ = {
			isa = XCBuildConfiguration;
			buildSettings = {
				ALWAYS_SEARCH_USER_PATHS = NO;
				ASSETCATALOG_COMPILER_GENERATE_SWIFT_ASSET_SYMBOL_EXTENSIONS = YES;
				CLANG_ANALYZER_NONNULL = YES;
				CLANG_ANALYZER_NUMBER_OBJECT_CONVERSION = YES_AGGRESSIVE;
				CLANG_CXX_LANGUAGE_STANDARD = "gnu++20";
				CLANG_ENABLE_MODULES = YES;
				CLANG_ENABLE_OBJC_ARC = YES;
				CLANG_ENABLE_OBJC_WEAK = YES;
				CLANG_WARN_BLOCK_CAPTURE_AUTORELEASING = YES;
				CLANG_WARN_BOOL_CONVERSION = YES;
				CLANG_WARN_COMMA = YES;
				CLANG_WARN_CONSTANT_CONVERSION = YES;
				CLANG_WARN_DEPRECATED_OBJC_IMPLEMENTATIONS = YES;
				CLANG_WARN_DIRECT_OBJC_ISA_USAGE = YES_ERROR;
				CLANG_WARN_DOCUMENTATION_COMMENTS = YES;
				CLANG_WARN_EMPTY_BODY = YES;
				CLANG_WARN_ENUM_CONVERSION = YES;
				CLANG_WARN_INFINITE_RECURSION = YES;
				CLANG_WARN_INT_CONVERSION = YES;
				CLANG_WARN_NON_LITERAL_NULL_CONVERSION = YES;
				CLANG_WARN_OBJC_IMPLICIT_RETAIN_SELF = YES;
				CLANG_WARN_OBJC_LITERAL_CONVERSION = YES;
				CLANG_WARN_OBJC_ROOT_CLASS = YES_ERROR;
				CLANG_WARN_QUOTED_INCLUDE_IN_FRAMEWORK_HEADER = YES;
				CLANG_WARN_RANGE_LOOP_ANALYSIS = YES;
				CLANG_WARN_STRICT_PROTOTYPES = YES;
				CLANG_WARN_SUSPICIOUS_MOVE = YES;
				CLANG_WARN_UNGUARDED_AVAILABILITY = YES_AGGRESSIVE;
				CLANG_WARN_UNREACHABLE_CODE = YES;
				CLANG_WARN__DUPLICATE_METHOD_MATCH = YES;
				COPY_PHASE_STRIP = NO;
				DEBUG_INFORMATION_FORMAT = "dwarf-with-dsym";
				DEVELOPMENT_TEAM = 2834RTT75D;
				ENABLE_NS_ASSERTIONS = NO;
				ENABLE_STRICT_OBJC_MSGSEND = YES;
				ENABLE_USER_SCRIPT_SANDBOXING = YES;
				GCC_C_LANGUAGE_STANDARD = gnu17;
				GCC_NO_COMMON_BLOCKS = YES;
				GCC_WARN_64_TO_32_BIT_CONVERSION = YES;
				GCC_WARN_ABOUT_RETURN_TYPE = YES_ERROR;
				GCC_WARN_UNDECLARED_SELECTOR = YES;
				GCC_WARN_UNINITIALIZED_AUTOS = YES_AGGRESSIVE;
				GCC_WARN_UNUSED_FUNCTION = YES;
				GCC_WARN_UNUSED_VARIABLE = YES;
				LOCALIZATION_PREFERS_STRING_CATALOGS = YES;
				MACOSX_DEPLOYMENT_TARGET = 26.6;
				MTL_ENABLE_DEBUG_INFO = NO;
				MTL_FAST_MATH = YES;
				SDKROOT = macosx;
				SWIFT_COMPILATION_MODE = wholemodule;
			};
			name = Release;
		};
		BE5BD8E1305B606E00035C7F /* Debug configuration for PBXNativeTarget "Den" */ = {
			isa = XCBuildConfiguration;
			buildSettings = {
				ASSETCATALOG_COMPILER_APPICON_NAME = AppIcon;
				ASSETCATALOG_COMPILER_GLOBAL_ACCENT_COLOR_NAME = AccentColor;
				CODE_SIGN_STYLE = Automatic;
				COMBINE_HIDPI_IMAGES = YES;
				CURRENT_PROJECT_VERSION = 1;
				DEVELOPMENT_TEAM = 2834RTT75D;
				ENABLE_APP_SANDBOX = NO;
				ENABLE_HARDENED_RUNTIME = YES;
				ENABLE_PREVIEWS = YES;
				ENABLE_USER_SELECTED_FILES = readonly;
				GENERATE_INFOPLIST_FILE = YES;
				INFOPLIST_KEY_NSHumanReadableCopyright = "";
				LD_RUNPATH_SEARCH_PATHS = (
					"$(inherited)",
					"@executable_path/../Frameworks",
				);
				MARKETING_VERSION = 1.0;
				PRODUCT_BUNDLE_IDENTIFIER = gabrielpassos.Den;
				PRODUCT_NAME = "$(TARGET_NAME)";
				REGISTER_APP_GROUPS = YES;
				STRING_CATALOG_GENERATE_SYMBOLS = YES;
				SWIFT_APPROACHABLE_CONCURRENCY = YES;
				SWIFT_DEFAULT_ACTOR_ISOLATION = MainActor;
				SWIFT_EMIT_LOC_STRINGS = YES;
				SWIFT_UPCOMING_FEATURE_MEMBER_IMPORT_VISIBILITY = YES;
				SWIFT_VERSION = 5.0;
			};
			name = Debug;
		};
		BE5BD8E2305B606E00035C7F /* Release configuration for PBXNativeTarget "Den" */ = {
			isa = XCBuildConfiguration;
			buildSettings = {
				ASSETCATALOG_COMPILER_APPICON_NAME = AppIcon;
				ASSETCATALOG_COMPILER_GLOBAL_ACCENT_COLOR_NAME = AccentColor;
				CODE_SIGN_STYLE = Automatic;
				COMBINE_HIDPI_IMAGES = YES;
				CURRENT_PROJECT_VERSION = 1;
				DEVELOPMENT_TEAM = 2834RTT75D;
				ENABLE_APP_SANDBOX = NO;
				ENABLE_HARDENED_RUNTIME = YES;
				ENABLE_PREVIEWS = YES;
				ENABLE_USER_SELECTED_FILES = readonly;
				GENERATE_INFOPLIST_FILE = YES;
				INFOPLIST_KEY_NSHumanReadableCopyright = "";
				LD_RUNPATH_SEARCH_PATHS = (
					"$(inherited)",
					"@executable_path/../Frameworks",
				);
				MARKETING_VERSION = 1.0;
				PRODUCT_BUNDLE_IDENTIFIER = gabrielpassos.Den;
				PRODUCT_NAME = "$(TARGET_NAME)";
				REGISTER_APP_GROUPS = YES;
				STRING_CATALOG_GENERATE_SYMBOLS = YES;
				SWIFT_APPROACHABLE_CONCURRENCY = YES;
				SWIFT_DEFAULT_ACTOR_ISOLATION = MainActor;
				SWIFT_EMIT_LOC_STRINGS = YES;
				SWIFT_UPCOMING_FEATURE_MEMBER_IMPORT_VISIBILITY = YES;
				SWIFT_VERSION = 5.0;
			};
			name = Release;
		};
		BE7E570000000000000000A9 /* Debug configuration for PBXNativeTarget "DenTests" */ = {
			isa = XCBuildConfiguration;
			buildSettings = {
				BUNDLE_LOADER = "$(TEST_HOST)";
				CODE_SIGN_STYLE = Automatic;
				CURRENT_PROJECT_VERSION = 1;
				DEVELOPMENT_TEAM = 2834RTT75D;
				GENERATE_INFOPLIST_FILE = YES;
				MARKETING_VERSION = 1.0;
				PRODUCT_BUNDLE_IDENTIFIER = gabrielpassos.DenTests;
				PRODUCT_NAME = "$(TARGET_NAME)";
				SWIFT_APPROACHABLE_CONCURRENCY = YES;
				SWIFT_DEFAULT_ACTOR_ISOLATION = MainActor;
				SWIFT_EMIT_LOC_STRINGS = NO;
				SWIFT_UPCOMING_FEATURE_MEMBER_IMPORT_VISIBILITY = YES;
				SWIFT_VERSION = 5.0;
				TEST_HOST = "$(BUILT_PRODUCTS_DIR)/Den.app/Contents/MacOS/Den";
			};
			name = Debug;
		};
		BE7E570000000000000000AA /* Release configuration for PBXNativeTarget "DenTests" */ = {
			isa = XCBuildConfiguration;
			buildSettings = {
				BUNDLE_LOADER = "$(TEST_HOST)";
				CODE_SIGN_STYLE = Automatic;
				CURRENT_PROJECT_VERSION = 1;
				DEVELOPMENT_TEAM = 2834RTT75D;
				GENERATE_INFOPLIST_FILE = YES;
				MARKETING_VERSION = 1.0;
				PRODUCT_BUNDLE_IDENTIFIER = gabrielpassos.DenTests;
				PRODUCT_NAME = "$(TARGET_NAME)";
				SWIFT_APPROACHABLE_CONCURRENCY = YES;
				SWIFT_DEFAULT_ACTOR_ISOLATION = MainActor;
				SWIFT_EMIT_LOC_STRINGS = NO;
				SWIFT_UPCOMING_FEATURE_MEMBER_IMPORT_VISIBILITY = YES;
				SWIFT_VERSION = 5.0;
				TEST_HOST = "$(BUILT_PRODUCTS_DIR)/Den.app/Contents/MacOS/Den";
			};
			name = Release;
		};
		BE7E570000000000000000B9 /* Debug configuration for PBXNativeTarget "DenUITests" */ = {
			isa = XCBuildConfiguration;
			buildSettings = {
				CODE_SIGN_STYLE = Automatic;
				CURRENT_PROJECT_VERSION = 1;
				DEVELOPMENT_TEAM = 2834RTT75D;
				GENERATE_INFOPLIST_FILE = YES;
				MARKETING_VERSION = 1.0;
				PRODUCT_BUNDLE_IDENTIFIER = gabrielpassos.DenUITests;
				PRODUCT_NAME = "$(TARGET_NAME)";
				SWIFT_APPROACHABLE_CONCURRENCY = YES;
				SWIFT_EMIT_LOC_STRINGS = NO;
				SWIFT_UPCOMING_FEATURE_MEMBER_IMPORT_VISIBILITY = YES;
				SWIFT_VERSION = 5.0;
				TEST_TARGET_NAME = Den;
			};
			name = Debug;
		};
		BE7E570000000000000000BA /* Release configuration for PBXNativeTarget "DenUITests" */ = {
			isa = XCBuildConfiguration;
			buildSettings = {
				CODE_SIGN_STYLE = Automatic;
				CURRENT_PROJECT_VERSION = 1;
				DEVELOPMENT_TEAM = 2834RTT75D;
				GENERATE_INFOPLIST_FILE = YES;
				MARKETING_VERSION = 1.0;
				PRODUCT_BUNDLE_IDENTIFIER = gabrielpassos.DenUITests;
				PRODUCT_NAME = "$(TARGET_NAME)";
				SWIFT_APPROACHABLE_CONCURRENCY = YES;
				SWIFT_EMIT_LOC_STRINGS = NO;
				SWIFT_UPCOMING_FEATURE_MEMBER_IMPORT_VISIBILITY = YES;
				SWIFT_VERSION = 5.0;
				TEST_TARGET_NAME = Den;
			};
			name = Release;
		};
/* End XCBuildConfiguration section */

/* Begin XCConfigurationList section */
		BE5BD8D0305B606D00035C7F /* Build configuration list for PBXProject "Den" */ = {
			isa = XCConfigurationList;
			buildConfigurations = (
				BE5BD8DE305B606E00035C7F /* Debug configuration for PBXProject "Den" */,
				BE5BD8DF305B606E00035C7F /* Release configuration for PBXProject "Den" */,
			);
			defaultConfigurationName = Release;
		};
		BE5BD8E0305B606E00035C7F /* Build configuration list for PBXNativeTarget "Den" */ = {
			isa = XCConfigurationList;
			buildConfigurations = (
				BE5BD8E1305B606E00035C7F /* Debug configuration for PBXNativeTarget "Den" */,
				BE5BD8E2305B606E00035C7F /* Release configuration for PBXNativeTarget "Den" */,
			);
			defaultConfigurationName = Release;
		};
		BE7E570000000000000000AB /* Build configuration list for PBXNativeTarget "DenTests" */ = {
			isa = XCConfigurationList;
			buildConfigurations = (
				BE7E570000000000000000A9 /* Debug configuration for PBXNativeTarget "DenTests" */,
				BE7E570000000000000000AA /* Release configuration for PBXNativeTarget "DenTests" */,
			);
			defaultConfigurationName = Release;
		};
		BE7E570000000000000000BB /* Build configuration list for PBXNativeTarget "DenUITests" */ = {
			isa = XCConfigurationList;
			buildConfigurations = (
				BE7E570000000000000000B9 /* Debug configuration for PBXNativeTarget "DenUITests" */,
				BE7E570000000000000000BA /* Release configuration for PBXNativeTarget "DenUITests" */,
			);
			defaultConfigurationName = Release;
		};
/* End XCConfigurationList section */

/* Begin XCLocalSwiftPackageReference section */
		BE922E28305C0F5300FFD487 /* XCLocalSwiftPackageReference "Packages/HarnessKit" */ = {
			isa = XCLocalSwiftPackageReference;
			relativePath = Packages/HarnessKit;
		};
/* End XCLocalSwiftPackageReference section */

/* Begin XCSwiftPackageProductDependency section */
		BE7E570000000000000000AC /* HarnessCore */ = {
			isa = XCSwiftPackageProductDependency;
			productName = HarnessCore;
		};
		BE922E29305C0F5300FFD487 /* ClaudeHarness */ = {
			isa = XCSwiftPackageProductDependency;
			productName = ClaudeHarness;
		};
		BE922E2B305C0F5300FFD487 /* HarnessCore */ = {
			isa = XCSwiftPackageProductDependency;
			productName = HarnessCore;
		};
		BE922E2D305C0F5300FFD487 /* OpenCodeHarness */ = {
			isa = XCSwiftPackageProductDependency;
			productName = OpenCodeHarness;
		};
		BE57D0000000000000000002 /* DenStore */ = {
			isa = XCSwiftPackageProductDependency;
			productName = DenStore;
		};
		BE57D0000000000000000004 /* DenStore */ = {
			isa = XCSwiftPackageProductDependency;
			productName = DenStore;
		};
/* End XCSwiftPackageProductDependency section */
	};
	rootObject = BE5BD8CD305B606D00035C7F /* Project object */;
	validationLevel = 1;
}
